# THIS IS AN AUTOGENERATED FILE. DO NOT EDIT THIS FILE DIRECTLY.
# yarn lockfile v1


"@polywrap/templates@0.9.5":
  version "0.9.5"
  resolved "https://registry.yarnpkg.com/@polywrap/templates/-/templates-0.9.5.tgz#7c387fe683aafd7cef06deb08e9074b2a4882ccf"
  integrity sha512-wyxJ5fQDrkukdB0pU7VlmrnpOmPcepzN7jgpoH7YJulxb/2Xus8EyRO5hgHa/0Mv1rb4VEx8Q1eVAJj9S6qdXw==
